
Microsoft Visual Studio Solution File, Format Version 12.00
# Visual Studio Version 17
VisualStudioVersion = 17.3.32929.385
MinimumVisualStudioVersion = 10.0.40219.1
Project("{9092AA53-FB77-4645-B42D-1CCCA6BD08BD}") = "Review", "Review.njsproj", "{3C24191D-7C90-49C3-9499-01DA8B2ABCC4}"
EndProject
Global
	GlobalSection(SolutionConfigurationPlatforms) = preSolution
		Debug|Any CPU = Debug|Any CPU
		Release|Any CPU = Release|Any CPU
	EndGlobalSection
	GlobalSection(ProjectConfigurationPlatforms) = postSolution
		{3C24191D-7C90-49C3-9499-01DA8B2ABCC4}.Debug|Any CPU.ActiveCfg = Debug|Any CPU
		{3C24191D-7C90-49C3-9499-01DA8B2ABCC4}.Debug|Any CPU.Build.0 = Debug|Any CPU
		{3C24191D-7C90-49C3-9499-01DA8B2ABCC4}.Release|Any CPU.ActiveCfg = Release|Any CPU
		{3C24191D-7C90-49C3-9499-01DA8B2ABCC4}.Release|Any CPU.Build.0 = Release|Any CPU
	EndGlobalSection
	GlobalSection(SolutionProperties) = preSolution
		HideSolutionNode = FALSE
	EndGlobalSection
	GlobalSection(ExtensibilityGlobals) = postSolution
		SolutionGuid = {B1D3D299-4CA4-4715-88AC-6D056E60C2DB}
	EndGlobalSection
EndGlobal
